
Microsoft Visual Studio Solution File, Format Version 12.00
# Visual Studio Version 17
VisualStudioVersion = 17.4.33213.308
MinimumVisualStudioVersion = 10.0.40219.1
Project("{FAE04EC0-301F-11D3-BF4B-00C04F79EFBC}") = "EigenTypes", "EigenTypes\EigenTypes.csproj", "{30016E34-9614-4901-8FAE-4884D744D061}"
EndProject
Project("{FAE04EC0-301F-11D3-BF4B-00C04F79EFBC}") = "TheVirtualWorld", "TheVirtualWorld\TheVirtualWorld.csproj", "{BEB346DD-7A7F-4BB6-833E-706F364C8220}"
EndProject
Global
	GlobalSection(SolutionConfigurationPlatforms) = preSolution
		Debug|Any CPU = Debug|Any CPU
		Release|Any CPU = Release|Any CPU
	EndGlobalSection
	GlobalSection(ProjectConfigurationPlatforms) = postSolution
		{30016E34-9614-4901-8FAE-4884D744D061}.Debug|Any CPU.ActiveCfg = Debug|Any CPU
		{30016E34-9614-4901-8FAE-4884D744D061}.Debug|Any CPU.Build.0 = Debug|Any CPU
		{30016E34-9614-4901-8FAE-4884D744D061}.Release|Any CPU.ActiveCfg = Release|Any CPU
		{30016E34-9614-4901-8FAE-4884D744D061}.Release|Any CPU.Build.0 = Release|Any CPU
		{BEB346DD-7A7F-4BB6-833E-706F364C8220}.Debug|Any CPU.ActiveCfg = Debug|Any CPU
		{BEB346DD-7A7F-4BB6-833E-706F364C8220}.Debug|Any CPU.Build.0 = Debug|Any CPU
		{BEB346DD-7A7F-4BB6-833E-706F364C8220}.Release|Any CPU.ActiveCfg = Release|Any CPU
		{BEB346DD-7A7F-4BB6-833E-706F364C8220}.Release|Any CPU.Build.0 = Release|Any CPU
	EndGlobalSection
	GlobalSection(SolutionProperties) = preSolution
		HideSolutionNode = FALSE
	EndGlobalSection
	GlobalSection(ExtensibilityGlobals) = postSolution
		SolutionGuid = {C9E29096-6082-42C0-8361-78B4E1B88DA0}
	EndGlobalSection
EndGlobal
