
Microsoft Visual Studio Solution File, Format Version 12.00
# Visual Studio Version 17
VisualStudioVersion = 17.4.33213.308
MinimumVisualStudioVersion = 10.0.40219.1
Project("{FAE04EC0-301F-11D3-BF4B-00C04F79EFBC}") = "Overerving", "Overerving\Overerving.csproj", "{613035D9-87D3-4BDC-B481-322218CDEB7B}"
EndProject
Global
	GlobalSection(SolutionConfigurationPlatforms) = preSolution
		Debug|Any CPU = Debug|Any CPU
		Release|Any CPU = Release|Any CPU
	EndGlobalSection
	GlobalSection(ProjectConfigurationPlatforms) = postSolution
		{613035D9-87D3-4BDC-B481-322218CDEB7B}.Debug|Any CPU.ActiveCfg = Debug|Any CPU
		{613035D9-87D3-4BDC-B481-322218CDEB7B}.Debug|Any CPU.Build.0 = Debug|Any CPU
		{613035D9-87D3-4BDC-B481-322218CDEB7B}.Release|Any CPU.ActiveCfg = Release|Any CPU
		{613035D9-87D3-4BDC-B481-322218CDEB7B}.Release|Any CPU.Build.0 = Release|Any CPU
	EndGlobalSection
	GlobalSection(SolutionProperties) = preSolution
		HideSolutionNode = FALSE
	EndGlobalSection
	GlobalSection(ExtensibilityGlobals) = postSolution
		SolutionGuid = {B7726528-CC12-41AE-A203-9402FFE36C37}
	EndGlobalSection
EndGlobal
