
Microsoft Visual Studio Solution File, Format Version 12.00
# Visual Studio Version 17
VisualStudioVersion = 17.4.33213.308
MinimumVisualStudioVersion = 10.0.40219.1
Project("{FAE04EC0-301F-11D3-BF4B-00C04F79EFBC}") = "Basics", "Basics\Basics.csproj", "{2C613448-7BC7-4C6C-B4A7-25B6906A9309}"
EndProject
Project("{FAE04EC0-301F-11D3-BF4B-00C04F79EFBC}") = "Flows", "Flows\Flows.csproj", "{0192037C-FCEB-4093-82EB-AA89EB3C2DDF}"
EndProject
Project("{FAE04EC0-301F-11D3-BF4B-00C04F79EFBC}") = "Collecties", "Collecties\Collecties.csproj", "{7F3E0B57-6BBE-4ABB-8542-B1AB9D60C68F}"
EndProject
Global
	GlobalSection(SolutionConfigurationPlatforms) = preSolution
		Debug|Any CPU = Debug|Any CPU
		Release|Any CPU = Release|Any CPU
	EndGlobalSection
	GlobalSection(ProjectConfigurationPlatforms) = postSolution
		{2C613448-7BC7-4C6C-B4A7-25B6906A9309}.Debug|Any CPU.ActiveCfg = Debug|Any CPU
		{2C613448-7BC7-4C6C-B4A7-25B6906A9309}.Debug|Any CPU.Build.0 = Debug|Any CPU
		{2C613448-7BC7-4C6C-B4A7-25B6906A9309}.Release|Any CPU.ActiveCfg = Release|Any CPU
		{2C613448-7BC7-4C6C-B4A7-25B6906A9309}.Release|Any CPU.Build.0 = Release|Any CPU
		{0192037C-FCEB-4093-82EB-AA89EB3C2DDF}.Debug|Any CPU.ActiveCfg = Debug|Any CPU
		{0192037C-FCEB-4093-82EB-AA89EB3C2DDF}.Debug|Any CPU.Build.0 = Debug|Any CPU
		{0192037C-FCEB-4093-82EB-AA89EB3C2DDF}.Release|Any CPU.ActiveCfg = Release|Any CPU
		{0192037C-FCEB-4093-82EB-AA89EB3C2DDF}.Release|Any CPU.Build.0 = Release|Any CPU
		{7F3E0B57-6BBE-4ABB-8542-B1AB9D60C68F}.Debug|Any CPU.ActiveCfg = Debug|Any CPU
		{7F3E0B57-6BBE-4ABB-8542-B1AB9D60C68F}.Debug|Any CPU.Build.0 = Debug|Any CPU
		{7F3E0B57-6BBE-4ABB-8542-B1AB9D60C68F}.Release|Any CPU.ActiveCfg = Release|Any CPU
		{7F3E0B57-6BBE-4ABB-8542-B1AB9D60C68F}.Release|Any CPU.Build.0 = Release|Any CPU
	EndGlobalSection
	GlobalSection(SolutionProperties) = preSolution
		HideSolutionNode = FALSE
	EndGlobalSection
	GlobalSection(ExtensibilityGlobals) = postSolution
		SolutionGuid = {95E73B0C-C47B-4765-A7F3-148592E01EAB}
	EndGlobalSection
EndGlobal
