
Microsoft Visual Studio Solution File, Format Version 12.00
# Visual Studio Version 17
VisualStudioVersion = 17.4.33213.308
MinimumVisualStudioVersion = 10.0.40219.1
Project("{FAE04EC0-301F-11D3-BF4B-00C04F79EFBC}") = "Funcprocs", "Funcprocs\Funcprocs.csproj", "{508C397D-5370-478F-9899-D88BDEB057DF}"
EndProject
Project("{FAE04EC0-301F-11D3-BF4B-00C04F79EFBC}") = "MoreInfo", "MoreInfo\MoreInfo.csproj", "{10BE3601-74C8-4B28-A4C7-DAD884EBD5E1}"
EndProject
Global
	GlobalSection(SolutionConfigurationPlatforms) = preSolution
		Debug|Any CPU = Debug|Any CPU
		Release|Any CPU = Release|Any CPU
	EndGlobalSection
	GlobalSection(ProjectConfigurationPlatforms) = postSolution
		{508C397D-5370-478F-9899-D88BDEB057DF}.Debug|Any CPU.ActiveCfg = Debug|Any CPU
		{508C397D-5370-478F-9899-D88BDEB057DF}.Debug|Any CPU.Build.0 = Debug|Any CPU
		{508C397D-5370-478F-9899-D88BDEB057DF}.Release|Any CPU.ActiveCfg = Release|Any CPU
		{508C397D-5370-478F-9899-D88BDEB057DF}.Release|Any CPU.Build.0 = Release|Any CPU
		{10BE3601-74C8-4B28-A4C7-DAD884EBD5E1}.Debug|Any CPU.ActiveCfg = Debug|Any CPU
		{10BE3601-74C8-4B28-A4C7-DAD884EBD5E1}.Debug|Any CPU.Build.0 = Debug|Any CPU
		{10BE3601-74C8-4B28-A4C7-DAD884EBD5E1}.Release|Any CPU.ActiveCfg = Release|Any CPU
		{10BE3601-74C8-4B28-A4C7-DAD884EBD5E1}.Release|Any CPU.Build.0 = Release|Any CPU
	EndGlobalSection
	GlobalSection(SolutionProperties) = preSolution
		HideSolutionNode = FALSE
	EndGlobalSection
	GlobalSection(ExtensibilityGlobals) = postSolution
		SolutionGuid = {0A20EE2C-2E30-44FC-AC49-1AE5362B1A13}
	EndGlobalSection
EndGlobal
